
Microsoft Visual Studio Solution File, Format Version 12.00
# Visual Studio Version 17
VisualStudioVersion = 17.11.35222.181
MinimumVisualStudioVersion = 10.0.40219.1
Project("{FAE04EC0-301F-11D3-BF4B-00C04F79EFBC}") = "DataTypes", "DataTypes\DataTypes.csproj", "{9703247C-FFBA-49FA-B927-20A1D7A78161}"
EndProject
Global
	GlobalSection(SolutionConfigurationPlatforms) = preSolution
		Debug|Any CPU = Debug|Any CPU
		Release|Any CPU = Release|Any CPU
	EndGlobalSection
	GlobalSection(ProjectConfigurationPlatforms) = postSolution
		{9703247C-FFBA-49FA-B927-20A1D7A78161}.Debug|Any CPU.ActiveCfg = Debug|Any CPU
		{9703247C-FFBA-49FA-B927-20A1D7A78161}.Debug|Any CPU.Build.0 = Debug|Any CPU
		{9703247C-FFBA-49FA-B927-20A1D7A78161}.Release|Any CPU.ActiveCfg = Release|Any CPU
		{9703247C-FFBA-49FA-B927-20A1D7A78161}.Release|Any CPU.Build.0 = Release|Any CPU
	EndGlobalSection
	GlobalSection(SolutionProperties) = preSolution
		HideSolutionNode = FALSE
	EndGlobalSection
	GlobalSection(ExtensibilityGlobals) = postSolution
		SolutionGuid = {31934124-B630-47DB-A1A9-2232716FAE87}
	EndGlobalSection
EndGlobal
